
Microsoft Visual Studio Solution File, Format Version 12.00
# Visual Studio Version 17
VisualStudioVersion = 17.11.35312.102
MinimumVisualStudioVersion = 10.0.40219.1
Project("{8BC9CEB8-8B4A-11D0-8D11-00A0C91BC942}") = "00_쥬신API", "쥬신API.vcxproj", "{96D1ADCB-3908-4D82-92BC-3EF4D152D2B5}"
EndProject
Project("{8BC9CEB8-8B4A-11D0-8D11-00A0C91BC942}") = "HongDongEngine_Windows", "..\HongDongEngine_Windows\HongDongEngine_Windows.vcxproj", "{81C5E5CA-BC1A-46D1-906C-C2678815D2D5}"
EndProject
Global
	GlobalSection(SolutionConfigurationPlatforms) = preSolution
		Debug|x64 = Debug|x64
		Debug|x86 = Debug|x86
		Release|x64 = Release|x64
		Release|x86 = Release|x86
	EndGlobalSection
	GlobalSection(ProjectConfigurationPlatforms) = postSolution
		{96D1ADCB-3908-4D82-92BC-3EF4D152D2B5}.Debug|x64.ActiveCfg = Debug|x64
		{96D1ADCB-3908-4D82-92BC-3EF4D152D2B5}.Debug|x64.Build.0 = Debug|x64
		{96D1ADCB-3908-4D82-92BC-3EF4D152D2B5}.Debug|x86.ActiveCfg = Debug|Win32
		{96D1ADCB-3908-4D82-92BC-3EF4D152D2B5}.Debug|x86.Build.0 = Debug|Win32
		{96D1ADCB-3908-4D82-92BC-3EF4D152D2B5}.Release|x64.ActiveCfg = Release|x64
		{96D1ADCB-3908-4D82-92BC-3EF4D152D2B5}.Release|x64.Build.0 = Release|x64
		{96D1ADCB-3908-4D82-92BC-3EF4D152D2B5}.Release|x86.ActiveCfg = Release|Win32
		{96D1ADCB-3908-4D82-92BC-3EF4D152D2B5}.Release|x86.Build.0 = Release|Win32
		{81C5E5CA-BC1A-46D1-906C-C2678815D2D5}.Debug|x64.ActiveCfg = Debug|x64
		{81C5E5CA-BC1A-46D1-906C-C2678815D2D5}.Debug|x64.Build.0 = Debug|x64
		{81C5E5CA-BC1A-46D1-906C-C2678815D2D5}.Debug|x86.ActiveCfg = Debug|Win32
		{81C5E5CA-BC1A-46D1-906C-C2678815D2D5}.Debug|x86.Build.0 = Debug|Win32
		{81C5E5CA-BC1A-46D1-906C-C2678815D2D5}.Release|x64.ActiveCfg = Release|x64
		{81C5E5CA-BC1A-46D1-906C-C2678815D2D5}.Release|x64.Build.0 = Release|x64
		{81C5E5CA-BC1A-46D1-906C-C2678815D2D5}.Release|x86.ActiveCfg = Release|Win32
		{81C5E5CA-BC1A-46D1-906C-C2678815D2D5}.Release|x86.Build.0 = Release|Win32
	EndGlobalSection
	GlobalSection(SolutionProperties) = preSolution
		HideSolutionNode = FALSE
	EndGlobalSection
	GlobalSection(ExtensibilityGlobals) = postSolution
		SolutionGuid = {19327F67-C94E-4203-9751-3940D3C24711}
	EndGlobalSection
EndGlobal
